
Microsoft Visual Studio Solution File, Format Version 11.00
# Visual Studio 2010
# SharpDevelop 4.3
Project("{FAE04EC0-301F-11D3-BF4B-00C04F79EFBC}") = "AnalysisService", "AnalysisService\AnalysisService.csproj", "{519068BD-AB0E-4B7A-B9D7-93F9EFF5A298}"
EndProject
Global
	GlobalSection(SolutionConfigurationPlatforms) = preSolution
		Debug|Any CPU = Debug|Any CPU
		Release|Any CPU = Release|Any CPU
	EndGlobalSection
	GlobalSection(ProjectConfigurationPlatforms) = postSolution
		{519068BD-AB0E-4B7A-B9D7-93F9EFF5A298}.Debug|Any CPU.Build.0 = Debug|Any CPU
		{519068BD-AB0E-4B7A-B9D7-93F9EFF5A298}.Debug|Any CPU.ActiveCfg = Debug|Any CPU
		{519068BD-AB0E-4B7A-B9D7-93F9EFF5A298}.Release|Any CPU.Build.0 = Release|Any CPU
		{519068BD-AB0E-4B7A-B9D7-93F9EFF5A298}.Release|Any CPU.ActiveCfg = Release|Any CPU
	EndGlobalSection
EndGlobal
